[root]
name = "sexp"
version = "0.0.1"
dependencies = [
 "regex 0.1.32 (registry+https://github.com/rust-lang/crates.io-index)",
]

[[package]]
name = "regex"
version = "0.1.32"
source = "registry+https://github.com/rust-lang/crates.io-index"
dependencies = [
 "regex-syntax 0.1.0 (registry+https://github.com/rust-lang/crates.io-index)",
]

[[package]]
name = "regex-syntax"
version = "0.1.0"
source = "registry+https://github.com/rust-lang/crates.io-index"

